
Microsoft Visual Studio Solution File, Format Version 12.00
# Visual Studio Version 16
VisualStudioVersion = 16.0.32002.261
MinimumVisualStudioVersion = 10.0.40219.1
Project("{FAE04EC0-301F-11D3-BF4B-00C04F79EFBC}") = "GoIOdotNETCore", "GoIOdotNETCore.csproj", "{08F7777E-3A2C-4740-B048-CD409A3DDD05}"
EndProject
Global
	GlobalSection(SolutionConfigurationPlatforms) = preSolution
		Debug|Any CPU = Debug|Any CPU
		Release|Any CPU = Release|Any CPU
	EndGlobalSection
	GlobalSection(ProjectConfigurationPlatforms) = postSolution
		{08F7777E-3A2C-4740-B048-CD409A3DDD05}.Debug|Any CPU.ActiveCfg = Debug|Any CPU
		{08F7777E-3A2C-4740-B048-CD409A3DDD05}.Debug|Any CPU.Build.0 = Debug|Any CPU
		{08F7777E-3A2C-4740-B048-CD409A3DDD05}.Release|Any CPU.ActiveCfg = Release|Any CPU
		{08F7777E-3A2C-4740-B048-CD409A3DDD05}.Release|Any CPU.Build.0 = Release|Any CPU
	EndGlobalSection
	GlobalSection(SolutionProperties) = preSolution
		HideSolutionNode = FALSE
	EndGlobalSection
	GlobalSection(ExtensibilityGlobals) = postSolution
		SolutionGuid = {AA06BD3F-277D-4585-9C2E-9C304EFF12DF}
	EndGlobalSection
EndGlobal
